// !$*UTF8*$!
{
	archiveVersion = 1;
	classes = {
	};
	objectVersion = 51;
	objects = {

/* Begin PBXBuildFile section */
		6FC5F33A4C9071023086D5C0 /* Pods_ChuckyTests.framework in Frameworks */ = {isa = PBXBuildFile; fileRef = A2FC859B10AB71632621D0BC /* Pods_ChuckyTests.framework */; };
		9A97D09E645CD6BD9D817A18 /* Pods_Chucky.framework in Frameworks */ = {isa = PBXBuildFile; fileRef = FB4D99BA78FE6B58E9427B1D /* Pods_Chucky.framework */; };
		F09CABD124984BD10028229C /* AppDelegate.swift in Sources */ = {isa = PBXBuildFile; fileRef = F09CABD024984BD10028229C /* AppDelegate.swift */; };
		F09CABD824984BD10028229C /* Main.storyboard in Resources */ = {isa = PBXBuildFile; fileRef = F09CABD624984BD10028229C /* Main.storyboard */; };
		F09CABDA24984BD20028229C /* Assets.xcassets in Resources */ = {isa = PBXBuildFile; fileRef = F09CABD924984BD20028229C /* Assets.xcassets */; };
		F09CABDD24984BD20028229C /* LaunchScreen.storyboard in Resources */ = {isa = PBXBuildFile; fileRef = F09CABDB24984BD20028229C /* LaunchScreen.storyboard */; };
		F09CABE824984BD20028229C /* ChuckyTests.swift in Sources */ = {isa = PBXBuildFile; fileRef = F09CABE724984BD20028229C /* ChuckyTests.swift */; };
		F09CABF324984BD20028229C /* ChuckyUITests.swift in Sources */ = {isa = PBXBuildFile; fileRef = F09CABF224984BD20028229C /* ChuckyUITests.swift */; };
		F09CAC052498529C0028229C /* Environment.swift in Sources */ = {isa = PBXBuildFile; fileRef = F09CAC042498529C0028229C /* Environment.swift */; };
		F09CAC07249859940028229C /* Fact.swift in Sources */ = {isa = PBXBuildFile; fileRef = F09CAC06249859940028229C /* Fact.swift */; };
		F09CAC0924985A1B0028229C /* SearchResponse.swift in Sources */ = {isa = PBXBuildFile; fileRef = F09CAC0824985A1B0028229C /* SearchResponse.swift */; };
		F09CAC0B24985A6F0028229C /* Categories.swift in Sources */ = {isa = PBXBuildFile; fileRef = F09CAC0A24985A6F0028229C /* Categories.swift */; };
		F09CAC0F24985AC60028229C /* FactService.swift in Sources */ = {isa = PBXBuildFile; fileRef = F09CAC0E24985AC60028229C /* FactService.swift */; };
		F09CAC1124985AD20028229C /* FactAPI.swift in Sources */ = {isa = PBXBuildFile; fileRef = F09CAC1024985AD20028229C /* FactAPI.swift */; };
		F09CAC1424985BB90028229C /* String+Extension.swift in Sources */ = {isa = PBXBuildFile; fileRef = F09CAC1324985BB90028229C /* String+Extension.swift */; };
		F09CAC1624985BD20028229C /* Bundle+Extensions.swift in Sources */ = {isa = PBXBuildFile; fileRef = F09CAC1524985BD20028229C /* Bundle+Extensions.swift */; };
		F09CAC1824985C250028229C /* JSONDecoder+Extension.swift in Sources */ = {isa = PBXBuildFile; fileRef = F09CAC1724985C250028229C /* JSONDecoder+Extension.swift */; };
		F09CAC1A24985DE50028229C /* ApiProvider.swift in Sources */ = {isa = PBXBuildFile; fileRef = F09CAC1924985DE50028229C /* ApiProvider.swift */; };
		F09CAC1C24985E4C0028229C /* Single+Extension.swift in Sources */ = {isa = PBXBuildFile; fileRef = F09CAC1B24985E4C0028229C /* Single+Extension.swift */; };
		F09CAC1E24985EF30028229C /* AppCoordinator.swift in Sources */ = {isa = PBXBuildFile; fileRef = F09CAC1D24985EF30028229C /* AppCoordinator.swift */; };
		F09CAC21249860580028229C /* FactViewController.swift in Sources */ = {isa = PBXBuildFile; fileRef = F09CAC20249860580028229C /* FactViewController.swift */; };
		F09CAC23249860740028229C /* BaseViewController.swift in Sources */ = {isa = PBXBuildFile; fileRef = F09CAC22249860740028229C /* BaseViewController.swift */; };
		F09CAC252498608B0028229C /* BaseViewModel.swift in Sources */ = {isa = PBXBuildFile; fileRef = F09CAC242498608B0028229C /* BaseViewModel.swift */; };
		F09CAC27249860A70028229C /* HandleError.swift in Sources */ = {isa = PBXBuildFile; fileRef = F09CAC26249860A70028229C /* HandleError.swift */; };
		F09CAC29249860C60028229C /* Reachability.swift in Sources */ = {isa = PBXBuildFile; fileRef = F09CAC28249860C60028229C /* Reachability.swift */; };
		F09CAC2B249860FA0028229C /* CustomLoadingView.swift in Sources */ = {isa = PBXBuildFile; fileRef = F09CAC2A249860FA0028229C /* CustomLoadingView.swift */; };
		F09CAC2D249864F50028229C /* FactViewModel.swift in Sources */ = {isa = PBXBuildFile; fileRef = F09CAC2C249864F50028229C /* FactViewModel.swift */; };
		F09CAC31249869910028229C /* UIViewController+Extension.swift in Sources */ = {isa = PBXBuildFile; fileRef = F09CAC30249869910028229C /* UIViewController+Extension.swift */; };
		F09CAC33249869B40028229C /* UICollectionView+Extension.swift in Sources */ = {isa = PBXBuildFile; fileRef = F09CAC32249869B40028229C /* UICollectionView+Extension.swift */; };
		F09CAC35249869ED0028229C /* Global+Extensions.swift in Sources */ = {isa = PBXBuildFile; fileRef = F09CAC34249869ED0028229C /* Global+Extensions.swift */; };
		F09CAC3B249872FB0028229C /* FactCollectionViewCell.swift in Sources */ = {isa = PBXBuildFile; fileRef = F09CAC39249872FB0028229C /* FactCollectionViewCell.swift */; };
		F09CAC3C249872FB0028229C /* FactCollectionViewCell.xib in Resources */ = {isa = PBXBuildFile; fileRef = F09CAC3A249872FB0028229C /* FactCollectionViewCell.xib */; };
		F0E751192499B45C0015A919 /* TableView+Extension.swift in Sources */ = {isa = PBXBuildFile; fileRef = F0E751182499B45C0015A919 /* TableView+Extension.swift */; };
		F0E7511C2499B4830015A919 /* CategoriesTableViewCell.swift in Sources */ = {isa = PBXBuildFile; fileRef = F0E7511A2499B4830015A919 /* CategoriesTableViewCell.swift */; };
		F0E7511D2499B4830015A919 /* CategoriesTableViewCell.xib in Resources */ = {isa = PBXBuildFile; fileRef = F0E7511B2499B4830015A919 /* CategoriesTableViewCell.xib */; };
		F3E069759C4DB1BB6BCC3DC2 /* Pods_Chucky_ChuckyUITests.framework in Frameworks */ = {isa = PBXBuildFile; fileRef = AFAC5DBA4FE7EAC7AC9E158F /* Pods_Chucky_ChuckyUITests.framework */; };
/* End PBXBuildFile section */

/* Begin PBXContainerItemProxy section */
		F09CABE424984BD20028229C /* PBXContainerItemProxy */ = {
			isa = PBXContainerItemProxy;
			containerPortal = F09CABC524984BD10028229C /* Project object */;
			proxyType = 1;
			remoteGlobalIDString = F09CABCC24984BD10028229C;
			remoteInfo = Chucky;
		};
		F09CABEF24984BD20028229C /* PBXContainerItemProxy */ = {
			isa = PBXContainerItemProxy;
			containerPortal = F09CABC524984BD10028229C /* Project object */;
			proxyType = 1;
			remoteGlobalIDString = F09CABCC24984BD10028229C;
			remoteInfo = Chucky;
		};
/* End PBXContainerItemProxy section */

/* Begin PBXFileReference section */
		00DE0CEB8ED066EE9CCF966E /* Pods-ChuckyTests.debug.xcconfig */ = {isa = PBXFileReference; includeInIndex = 1; lastKnownFileType = text.xcconfig; name = "Pods-ChuckyTests.debug.xcconfig"; path = "Target Support Files/Pods-ChuckyTests/Pods-ChuckyTests.debug.xcconfig"; sourceTree = "<group>"; };
		4B53F73554A8CEB0CCFF9476 /* Pods-ChuckyTests.release.xcconfig */ = {isa = PBXFileReference; includeInIndex = 1; lastKnownFileType = text.xcconfig; name = "Pods-ChuckyTests.release.xcconfig"; path = "Target Support Files/Pods-ChuckyTests/Pods-ChuckyTests.release.xcconfig"; sourceTree = "<group>"; };
		7C39B72AAE3C2558E6580C5A /* Pods-Chucky.debug.xcconfig */ = {isa = PBXFileReference; includeInIndex = 1; lastKnownFileType = text.xcconfig; name = "Pods-Chucky.debug.xcconfig"; path = "Target Support Files/Pods-Chucky/Pods-Chucky.debug.xcconfig"; sourceTree = "<group>"; };
		9B0F85048D0A48F0DE912D52 /* Pods-Chucky-ChuckyUITests.release.xcconfig */ = {isa = PBXFileReference; includeInIndex = 1; lastKnownFileType = text.xcconfig; name = "Pods-Chucky-ChuckyUITests.release.xcconfig"; path = "Target Support Files/Pods-Chucky-ChuckyUITests/Pods-Chucky-ChuckyUITests.release.xcconfig"; sourceTree = "<group>"; };
		A2FC859B10AB71632621D0BC /* Pods_ChuckyTests.framework */ = {isa = PBXFileReference; explicitFileType = wrapper.framework; includeInIndex = 0; path = Pods_ChuckyTests.framework; sourceTree = BUILT_PRODUCTS_DIR; };
		A9DC570D040525A9EE849B74 /* Pods-Chucky.release.xcconfig */ = {isa = PBXFileReference; includeInIndex = 1; lastKnownFileType = text.xcconfig; name = "Pods-Chucky.release.xcconfig"; path = "Target Support Files/Pods-Chucky/Pods-Chucky.release.xcconfig"; sourceTree = "<group>"; };
		AFAC5DBA4FE7EAC7AC9E158F /* Pods_Chucky_ChuckyUITests.framework */ = {isa = PBXFileReference; explicitFileType = wrapper.framework; includeInIndex = 0; path = Pods_Chucky_ChuckyUITests.framework; sourceTree = BUILT_PRODUCTS_DIR; };
		D07CC3CAAB998DC3696C1BFC /* Pods-Chucky-ChuckyUITests.debug.xcconfig */ = {isa = PBXFileReference; includeInIndex = 1; lastKnownFileType = text.xcconfig; name = "Pods-Chucky-ChuckyUITests.debug.xcconfig"; path = "Target Support Files/Pods-Chucky-ChuckyUITests/Pods-Chucky-ChuckyUITests.debug.xcconfig"; sourceTree = "<group>"; };
		F09CABCD24984BD10028229C /* Chucky.app */ = {isa = PBXFileReference; explicitFileType = wrapper.application; includeInIndex = 0; path = Chucky.app; sourceTree = BUILT_PRODUCTS_DIR; };
		F09CABD024984BD10028229C /* AppDelegate.swift */ = {isa = PBXFileReference; lastKnownFileType = sourcecode.swift; path = AppDelegate.swift; sourceTree = "<group>"; };
		F09CABD724984BD10028229C /* Base */ = {isa = PBXFileReference; lastKnownFileType = file.storyboard; name = Base; path = Base.lproj/Main.storyboard; sourceTree = "<group>"; };
		F09CABD924984BD20028229C /* Assets.xcassets */ = {isa = PBXFileReference; lastKnownFileType = folder.assetcatalog; path = Assets.xcassets; sourceTree = "<group>"; };
		F09CABDC24984BD20028229C /* Base */ = {isa = PBXFileReference; lastKnownFileType = file.storyboard; name = Base; path = Base.lproj/LaunchScreen.storyboard; sourceTree = "<group>"; };
		F09CABDE24984BD20028229C /* Info.plist */ = {isa = PBXFileReference; lastKnownFileType = text.plist.xml; path = Info.plist; sourceTree = "<group>"; };
		F09CABE324984BD20028229C /* ChuckyTests.xctest */ = {isa = PBXFileReference; explicitFileType = wrapper.cfbundle; includeInIndex = 0; path = ChuckyTests.xctest; sourceTree = BUILT_PRODUCTS_DIR; };
		F09CABE724984BD20028229C /* ChuckyTests.swift */ = {isa = PBXFileReference; lastKnownFileType = sourcecode.swift; path = ChuckyTests.swift; sourceTree = "<group>"; };
		F09CABE924984BD20028229C /* Info.plist */ = {isa = PBXFileReference; lastKnownFileType = text.plist.xml; path = Info.plist; sourceTree = "<group>"; };
		F09CABEE24984BD20028229C /* ChuckyUITests.xctest */ = {isa = PBXFileReference; explicitFileType = wrapper.cfbundle; includeInIndex = 0; path = ChuckyUITests.xctest; sourceTree = BUILT_PRODUCTS_DIR; };
		F09CABF224984BD20028229C /* ChuckyUITests.swift */ = {isa = PBXFileReference; lastKnownFileType = sourcecode.swift; path = ChuckyUITests.swift; sourceTree = "<group>"; };
		F09CABF424984BD20028229C /* Info.plist */ = {isa = PBXFileReference; lastKnownFileType = text.plist.xml; path = Info.plist; sourceTree = "<group>"; };
		F09CAC042498529C0028229C /* Environment.swift */ = {isa = PBXFileReference; lastKnownFileType = sourcecode.swift; path = Environment.swift; sourceTree = "<group>"; };
		F09CAC06249859940028229C /* Fact.swift */ = {isa = PBXFileReference; lastKnownFileType = sourcecode.swift; path = Fact.swift; sourceTree = "<group>"; };
		F09CAC0824985A1B0028229C /* SearchResponse.swift */ = {isa = PBXFileReference; lastKnownFileType = sourcecode.swift; path = SearchResponse.swift; sourceTree = "<group>"; };
		F09CAC0A24985A6F0028229C /* Categories.swift */ = {isa = PBXFileReference; lastKnownFileType = sourcecode.swift; path = Categories.swift; sourceTree = "<group>"; };
		F09CAC0E24985AC60028229C /* FactService.swift */ = {isa = PBXFileReference; lastKnownFileType = sourcecode.swift; path = FactService.swift; sourceTree = "<group>"; };
		F09CAC1024985AD20028229C /* FactAPI.swift */ = {isa = PBXFileReference; lastKnownFileType = sourcecode.swift; path = FactAPI.swift; sourceTree = "<group>"; };
		F09CAC1324985BB90028229C /* String+Extension.swift */ = {isa = PBXFileReference; lastKnownFileType = sourcecode.swift; path = "String+Extension.swift"; sourceTree = "<group>"; };
		F09CAC1524985BD20028229C /* Bundle+Extensions.swift */ = {isa = PBXFileReference; lastKnownFileType = sourcecode.swift; path = "Bundle+Extensions.swift"; sourceTree = "<group>"; };
		F09CAC1724985C250028229C /* JSONDecoder+Extension.swift */ = {isa = PBXFileReference; lastKnownFileType = sourcecode.swift; path = "JSONDecoder+Extension.swift"; sourceTree = "<group>"; };
		F09CAC1924985DE50028229C /* ApiProvider.swift */ = {isa = PBXFileReference; lastKnownFileType = sourcecode.swift; path = ApiProvider.swift; sourceTree = "<group>"; };
		F09CAC1B24985E4C0028229C /* Single+Extension.swift */ = {isa = PBXFileReference; lastKnownFileType = sourcecode.swift; path = "Single+Extension.swift"; sourceTree = "<group>"; };
		F09CAC1D24985EF30028229C /* AppCoordinator.swift */ = {isa = PBXFileReference; lastKnownFileType = sourcecode.swift; path = AppCoordinator.swift; sourceTree = "<group>"; };
		F09CAC20249860580028229C /* FactViewController.swift */ = {isa = PBXFileReference; lastKnownFileType = sourcecode.swift; path = FactViewController.swift; sourceTree = "<group>"; };
		F09CAC22249860740028229C /* BaseViewController.swift */ = {isa = PBXFileReference; lastKnownFileType = sourcecode.swift; path = BaseViewController.swift; sourceTree = "<group>"; };
		F09CAC242498608B0028229C /* BaseViewModel.swift */ = {isa = PBXFileReference; lastKnownFileType = sourcecode.swift; path = BaseViewModel.swift; sourceTree = "<group>"; };
		F09CAC26249860A70028229C /* HandleError.swift */ = {isa = PBXFileReference; lastKnownFileType = sourcecode.swift; path = HandleError.swift; sourceTree = "<group>"; };
		F09CAC28249860C60028229C /* Reachability.swift */ = {isa = PBXFileReference; lastKnownFileType = sourcecode.swift; path = Reachability.swift; sourceTree = "<group>"; };
		F09CAC2A249860FA0028229C /* CustomLoadingView.swift */ = {isa = PBXFileReference; lastKnownFileType = sourcecode.swift; path = CustomLoadingView.swift; sourceTree = "<group>"; };
		F09CAC2C249864F50028229C /* FactViewModel.swift */ = {isa = PBXFileReference; lastKnownFileType = sourcecode.swift; path = FactViewModel.swift; sourceTree = "<group>"; };
		F09CAC30249869910028229C /* UIViewController+Extension.swift */ = {isa = PBXFileReference; lastKnownFileType = sourcecode.swift; path = "UIViewController+Extension.swift"; sourceTree = "<group>"; };
		F09CAC32249869B40028229C /* UICollectionView+Extension.swift */ = {isa = PBXFileReference; lastKnownFileType = sourcecode.swift; path = "UICollectionView+Extension.swift"; sourceTree = "<group>"; };
		F09CAC34249869ED0028229C /* Global+Extensions.swift */ = {isa = PBXFileReference; lastKnownFileType = sourcecode.swift; path = "Global+Extensions.swift"; sourceTree = "<group>"; };
		F09CAC39249872FB0028229C /* FactCollectionViewCell.swift */ = {isa = PBXFileReference; lastKnownFileType = sourcecode.swift; path = FactCollectionViewCell.swift; sourceTree = "<group>"; };
		F09CAC3A249872FB0028229C /* FactCollectionViewCell.xib */ = {isa = PBXFileReference; lastKnownFileType = file.xib; path = FactCollectionViewCell.xib; sourceTree = "<group>"; };
		F0E751182499B45C0015A919 /* TableView+Extension.swift */ = {isa = PBXFileReference; lastKnownFileType = sourcecode.swift; path = "TableView+Extension.swift"; sourceTree = "<group>"; };
		F0E7511A2499B4830015A919 /* CategoriesTableViewCell.swift */ = {isa = PBXFileReference; lastKnownFileType = sourcecode.swift; path = CategoriesTableViewCell.swift; sourceTree = "<group>"; };
		F0E7511B2499B4830015A919 /* CategoriesTableViewCell.xib */ = {isa = PBXFileReference; lastKnownFileType = file.xib; path = CategoriesTableViewCell.xib; sourceTree = "<group>"; };
		FB4D99BA78FE6B58E9427B1D /* Pods_Chucky.framework */ = {isa = PBXFileReference; explicitFileType = wrapper.framework; includeInIndex = 0; path = Pods_Chucky.framework; sourceTree = BUILT_PRODUCTS_DIR; };
/* End PBXFileReference section */

/* Begin PBXFrameworksBuildPhase section */
		F09CABCA24984BD10028229C /* Frameworks */ = {
			isa = PBXFrameworksBuildPhase;
			buildActionMask = 2147483647;
			files = (
				9A97D09E645CD6BD9D817A18 /* Pods_Chucky.framework in Frameworks */,
			);
			runOnlyForDeploymentPostprocessing = 0;
		};
		F09CABE024984BD20028229C /* Frameworks */ = {
			isa = PBXFrameworksBuildPhase;
			buildActionMask = 2147483647;
			files = (
				6FC5F33A4C9071023086D5C0 /* Pods_ChuckyTests.framework in Frameworks */,
			);
			runOnlyForDeploymentPostprocessing = 0;
		};
		F09CABEB24984BD20028229C /* Frameworks */ = {
			isa = PBXFrameworksBuildPhase;
			buildActionMask = 2147483647;
			files = (
				F3E069759C4DB1BB6BCC3DC2 /* Pods_Chucky_ChuckyUITests.framework in Frameworks */,
			);
			runOnlyForDeploymentPostprocessing = 0;
		};
/* End PBXFrameworksBuildPhase section */

/* Begin PBXGroup section */
		0C23F93D7A67593CBE5B3985 /* Frameworks */ = {
			isa = PBXGroup;
			children = (
				FB4D99BA78FE6B58E9427B1D /* Pods_Chucky.framework */,
				AFAC5DBA4FE7EAC7AC9E158F /* Pods_Chucky_ChuckyUITests.framework */,
				A2FC859B10AB71632621D0BC /* Pods_ChuckyTests.framework */,
			);
			name = Frameworks;
			sourceTree = "<group>";
		};
		84EF0155CC403F17017AFF30 /* Pods */ = {
			isa = PBXGroup;
			children = (
				7C39B72AAE3C2558E6580C5A /* Pods-Chucky.debug.xcconfig */,
				A9DC570D040525A9EE849B74 /* Pods-Chucky.release.xcconfig */,
				D07CC3CAAB998DC3696C1BFC /* Pods-Chucky-ChuckyUITests.debug.xcconfig */,
				9B0F85048D0A48F0DE912D52 /* Pods-Chucky-ChuckyUITests.release.xcconfig */,
				00DE0CEB8ED066EE9CCF966E /* Pods-ChuckyTests.debug.xcconfig */,
				4B53F73554A8CEB0CCFF9476 /* Pods-ChuckyTests.release.xcconfig */,
			);
			path = Pods;
			sourceTree = "<group>";
		};
		F09CABC424984BD10028229C = {
			isa = PBXGroup;
			children = (
				F09CABCF24984BD10028229C /* Chucky */,
				F09CABE624984BD20028229C /* ChuckyTests */,
				F09CABF124984BD20028229C /* ChuckyUITests */,
				F09CABCE24984BD10028229C /* Products */,
				84EF0155CC403F17017AFF30 /* Pods */,
				0C23F93D7A67593CBE5B3985 /* Frameworks */,
			);
			sourceTree = "<group>";
		};
		F09CABCE24984BD10028229C /* Products */ = {
			isa = PBXGroup;
			children = (
				F09CABCD24984BD10028229C /* Chucky.app */,
				F09CABE324984BD20028229C /* ChuckyTests.xctest */,
				F09CABEE24984BD20028229C /* ChuckyUITests.xctest */,
			);
			name = Products;
			sourceTree = "<group>";
		};
		F09CABCF24984BD10028229C /* Chucky */ = {
			isa = PBXGroup;
			children = (
				F09CABDE24984BD20028229C /* Info.plist */,
				F09CABDB24984BD20028229C /* LaunchScreen.storyboard */,
				F09CABD624984BD10028229C /* Main.storyboard */,
				F09CABD924984BD20028229C /* Assets.xcassets */,
				F09CAC0324984F0D0028229C /* Core */,
				F09CAC0124984EC70028229C /* Data */,
				F09CAC0224984ECD0028229C /* Scenes */,
			);
			path = Chucky;
			sourceTree = "<group>";
		};
		F09CABE624984BD20028229C /* ChuckyTests */ = {
			isa = PBXGroup;
			children = (
				F09CABE724984BD20028229C /* ChuckyTests.swift */,
				F09CABE924984BD20028229C /* Info.plist */,
			);
			path = ChuckyTests;
			sourceTree = "<group>";
		};
		F09CABF124984BD20028229C /* ChuckyUITests */ = {
			isa = PBXGroup;
			children = (
				F09CABF224984BD20028229C /* ChuckyUITests.swift */,
				F09CABF424984BD20028229C /* Info.plist */,
			);
			path = ChuckyUITests;
			sourceTree = "<group>";
		};
		F09CAC0024984BE00028229C /* Base */ = {
			isa = PBXGroup;
			children = (
				F09CAC22249860740028229C /* BaseViewController.swift */,
				F09CAC242498608B0028229C /* BaseViewModel.swift */,
				F09CAC26249860A70028229C /* HandleError.swift */,
				F09CAC28249860C60028229C /* Reachability.swift */,
				F09CAC2A249860FA0028229C /* CustomLoadingView.swift */,
			);
			path = Base;
			sourceTree = "<group>";
		};
		F09CAC0124984EC70028229C /* Data */ = {
			isa = PBXGroup;
			children = (
				F09CAC0D24985AAA0028229C /* Fact */,
				F09CAC0C24985A9E0028229C /* Model */,
				F09CAC1924985DE50028229C /* ApiProvider.swift */,
			);
			path = Data;
			sourceTree = "<group>";
		};
		F09CAC0224984ECD0028229C /* Scenes */ = {
			isa = PBXGroup;
			children = (
				F09CAC1F249860430028229C /* Fact */,
				F09CAC0024984BE00028229C /* Base */,
			);
			path = Scenes;
			sourceTree = "<group>";
		};
		F09CAC0324984F0D0028229C /* Core */ = {
			isa = PBXGroup;
			children = (
				F09CAC1224985BA00028229C /* Extensions */,
				F09CABD024984BD10028229C /* AppDelegate.swift */,
				F09CAC042498529C0028229C /* Environment.swift */,
				F09CAC1D24985EF30028229C /* AppCoordinator.swift */,
			);
			path = Core;
			sourceTree = "<group>";
		};
		F09CAC0C24985A9E0028229C /* Model */ = {
			isa = PBXGroup;
			children = (
				F09CAC06249859940028229C /* Fact.swift */,
				F09CAC0824985A1B0028229C /* SearchResponse.swift */,
				F09CAC0A24985A6F0028229C /* Categories.swift */,
			);
			path = Model;
			sourceTree = "<group>";
		};
		F09CAC0D24985AAA0028229C /* Fact */ = {
			isa = PBXGroup;
			children = (
				F09CAC0E24985AC60028229C /* FactService.swift */,
				F09CAC1024985AD20028229C /* FactAPI.swift */,
			);
			path = Fact;
			sourceTree = "<group>";
		};
		F09CAC1224985BA00028229C /* Extensions */ = {
			isa = PBXGroup;
			children = (
				F09CAC1324985BB90028229C /* String+Extension.swift */,
				F09CAC1524985BD20028229C /* Bundle+Extensions.swift */,
				F09CAC1724985C250028229C /* JSONDecoder+Extension.swift */,
				F09CAC1B24985E4C0028229C /* Single+Extension.swift */,
				F09CAC30249869910028229C /* UIViewController+Extension.swift */,
				F09CAC32249869B40028229C /* UICollectionView+Extension.swift */,
				F09CAC34249869ED0028229C /* Global+Extensions.swift */,
				F0E751182499B45C0015A919 /* TableView+Extension.swift */,
			);
			path = Extensions;
			sourceTree = "<group>";
		};
		F09CAC1F249860430028229C /* Fact */ = {
			isa = PBXGroup;
			children = (
				F09CAC3624986ECF0028229C /* Cell */,
				F09CAC20249860580028229C /* FactViewController.swift */,
				F09CAC2C249864F50028229C /* FactViewModel.swift */,
			);
			path = Fact;
			sourceTree = "<group>";
		};
		F09CAC3624986ECF0028229C /* Cell */ = {
			isa = PBXGroup;
			children = (
				F09CAC39249872FB0028229C /* FactCollectionViewCell.swift */,
				F09CAC3A249872FB0028229C /* FactCollectionViewCell.xib */,
				F0E7511A2499B4830015A919 /* CategoriesTableViewCell.swift */,
				F0E7511B2499B4830015A919 /* CategoriesTableViewCell.xib */,
			);
			path = Cell;
			sourceTree = "<group>";
		};
/* End PBXGroup section */

/* Begin PBXNativeTarget section */
		F09CABCC24984BD10028229C /* Chucky */ = {
			isa = PBXNativeTarget;
			buildConfigurationList = F09CABF724984BD20028229C /* Build configuration list for PBXNativeTarget "Chucky" */;
			buildPhases = (
				04C76666DACB537D0519443E /* [CP] Check Pods Manifest.lock */,
				F09CABC924984BD10028229C /* Sources */,
				F09CABCA24984BD10028229C /* Frameworks */,
				F09CABCB24984BD10028229C /* Resources */,
				3AAE11114A453A7F4C36D04A /* [CP] Embed Pods Frameworks */,
			);
			buildRules = (
			);
			dependencies = (
			);
			name = Chucky;
			productName = Chucky;
			productReference = F09CABCD24984BD10028229C /* Chucky.app */;
			productType = "com.apple.product-type.application";
		};
		F09CABE224984BD20028229C /* ChuckyTests */ = {
			isa = PBXNativeTarget;
			buildConfigurationList = F09CABFA24984BD20028229C /* Build configuration list for PBXNativeTarget "ChuckyTests" */;
			buildPhases = (
				BA3858EE890CE4553A70EF4B /* [CP] Check Pods Manifest.lock */,
				F09CABDF24984BD20028229C /* Sources */,
				F09CABE024984BD20028229C /* Frameworks */,
				F09CABE124984BD20028229C /* Resources */,
				95FE89A9409BBE17A4B4655E /* [CP] Embed Pods Frameworks */,
			);
			buildRules = (
			);
			dependencies = (
				F09CABE524984BD20028229C /* PBXTargetDependency */,
			);
			name = ChuckyTests;
			productName = ChuckyTests;
			productReference = F09CABE324984BD20028229C /* ChuckyTests.xctest */;
			productType = "com.apple.product-type.bundle.unit-test";
		};
		F09CABED24984BD20028229C /* ChuckyUITests */ = {
			isa = PBXNativeTarget;
			buildConfigurationList = F09CABFD24984BD20028229C /* Build configuration list for PBXNativeTarget "ChuckyUITests" */;
			buildPhases = (
				788AC2D72F84FBE29D708E77 /* [CP] Check Pods Manifest.lock */,
				F09CABEA24984BD20028229C /* Sources */,
				F09CABEB24984BD20028229C /* Frameworks */,
				F09CABEC24984BD20028229C /* Resources */,
				11B7A196A66F069A42EBA881 /* [CP] Embed Pods Frameworks */,
			);
			buildRules = (
			);
			dependencies = (
				F09CABF024984BD20028229C /* PBXTargetDependency */,
			);
			name = ChuckyUITests;
			productName = ChuckyUITests;
			productReference = F09CABEE24984BD20028229C /* ChuckyUITests.xctest */;
			productType = "com.apple.product-type.bundle.ui-testing";
		};
/* End PBXNativeTarget section */

/* Begin PBXProject section */
		F09CABC524984BD10028229C /* Project object */ = {
			isa = PBXProject;
			attributes = {
				LastSwiftUpdateCheck = 1150;
				LastUpgradeCheck = 1150;
				ORGANIZATIONNAME = "Andre Nogueira";
				TargetAttributes = {
					F09CABCC24984BD10028229C = {
						CreatedOnToolsVersion = 11.5;
					};
					F09CABE224984BD20028229C = {
						CreatedOnToolsVersion = 11.5;
						TestTargetID = F09CABCC24984BD10028229C;
					};
					F09CABED24984BD20028229C = {
						CreatedOnToolsVersion = 11.5;
						TestTargetID = F09CABCC24984BD10028229C;
					};
				};
			};
			buildConfigurationList = F09CABC824984BD10028229C /* Build configuration list for PBXProject "Chucky" */;
			compatibilityVersion = "Xcode 9.3";
			developmentRegion = en;
			hasScannedForEncodings = 0;
			knownRegions = (
				en,
				Base,
			);
			mainGroup = F09CABC424984BD10028229C;
			productRefGroup = F09CABCE24984BD10028229C /* Products */;
			projectDirPath = "";
			projectRoot = "";
			targets = (
				F09CABCC24984BD10028229C /* Chucky */,
				F09CABE224984BD20028229C /* ChuckyTests */,
				F09CABED24984BD20028229C /* ChuckyUITests */,
			);
		};
/* End PBXProject section */

/* Begin PBXResourcesBuildPhase section */
		F09CABCB24984BD10028229C /* Resources */ = {
			isa = PBXResourcesBuildPhase;
			buildActionMask = 2147483647;
			files = (
				F09CAC3C249872FB0028229C /* FactCollectionViewCell.xib in Resources */,
				F09CABDD24984BD20028229C /* LaunchScreen.storyboard in Resources */,
				F0E7511D2499B4830015A919 /* CategoriesTableViewCell.xib in Resources */,
				F09CABDA24984BD20028229C /* Assets.xcassets in Resources */,
				F09CABD824984BD10028229C /* Main.storyboard in Resources */,
			);
			runOnlyForDeploymentPostprocessing = 0;
		};
		F09CABE124984BD20028229C /* Resources */ = {
			isa = PBXResourcesBuildPhase;
			buildActionMask = 2147483647;
			files = (
			);
			runOnlyForDeploymentPostprocessing = 0;
		};
		F09CABEC24984BD20028229C /* Resources */ = {
			isa = PBXResourcesBuildPhase;
			buildActionMask = 2147483647;
			files = (
			);
			runOnlyForDeploymentPostprocessing = 0;
		};
/* End PBXResourcesBuildPhase section */

/* Begin PBXShellScriptBuildPhase section */
		04C76666DACB537D0519443E /* [CP] Check Pods Manifest.lock */ = {
			isa = PBXShellScriptBuildPhase;
			buildActionMask = 2147483647;
			files = (
			);
			inputFileListPaths = (
			);
			inputPaths = (
				"${PODS_PODFILE_DIR_PATH}/Podfile.lock",
				"${PODS_ROOT}/Manifest.lock",
			);
			name = "[CP] Check Pods Manifest.lock";
			outputFileListPaths = (
			);
			outputPaths = (
				"$(DERIVED_FILE_DIR)/Pods-Chucky-checkManifestLockResult.txt",
			);
			runOnlyForDeploymentPostprocessing = 0;
			shellPath = /bin/sh;
			shellScript = "diff \"${PODS_PODFILE_DIR_PATH}/Podfile.lock\" \"${PODS_ROOT}/Manifest.lock\" > /dev/null\nif [ $? != 0 ] ; then\n    # print error to STDERR\n    echo \"error: The sandbox is not in sync with the Podfile.lock. Run 'pod install' or update your CocoaPods installation.\" >&2\n    exit 1\nfi\n# This output is used by Xcode 'outputs' to avoid re-running this script phase.\necho \"SUCCESS\" > \"${SCRIPT_OUTPUT_FILE_0}\"\n";
			showEnvVarsInLog = 0;
		};
		11B7A196A66F069A42EBA881 /* [CP] Embed Pods Frameworks */ = {
			isa = PBXShellScriptBuildPhase;
			buildActionMask = 2147483647;
			files = (
			);
			inputFileListPaths = (
				"${PODS_ROOT}/Target Support Files/Pods-Chucky-ChuckyUITests/Pods-Chucky-ChuckyUITests-frameworks-${CONFIGURATION}-input-files.xcfilelist",
			);
			name = "[CP] Embed Pods Frameworks";
			outputFileListPaths = (
				"${PODS_ROOT}/Target Support Files/Pods-Chucky-ChuckyUITests/Pods-Chucky-ChuckyUITests-frameworks-${CONFIGURATION}-output-files.xcfilelist",
			);
			runOnlyForDeploymentPostprocessing = 0;
			shellPath = /bin/sh;
			shellScript = "\"${PODS_ROOT}/Target Support Files/Pods-Chucky-ChuckyUITests/Pods-Chucky-ChuckyUITests-frameworks.sh\"\n";
			showEnvVarsInLog = 0;
		};
		3AAE11114A453A7F4C36D04A /* [CP] Embed Pods Frameworks */ = {
			isa = PBXShellScriptBuildPhase;
			buildActionMask = 2147483647;
			files = (
			);
			inputFileListPaths = (
				"${PODS_ROOT}/Target Support Files/Pods-Chucky/Pods-Chucky-frameworks-${CONFIGURATION}-input-files.xcfilelist",
			);
			name = "[CP] Embed Pods Frameworks";
			outputFileListPaths = (
				"${PODS_ROOT}/Target Support Files/Pods-Chucky/Pods-Chucky-frameworks-${CONFIGURATION}-output-files.xcfilelist",
			);
			runOnlyForDeploymentPostprocessing = 0;
			shellPath = /bin/sh;
			shellScript = "\"${PODS_ROOT}/Target Support Files/Pods-Chucky/Pods-Chucky-frameworks.sh\"\n";
			showEnvVarsInLog = 0;
		};
		788AC2D72F84FBE29D708E77 /* [CP] Check Pods Manifest.lock */ = {
			isa = PBXShellScriptBuildPhase;
			buildActionMask = 2147483647;
			files = (
			);
			inputFileListPaths = (
			);
			inputPaths = (
				"${PODS_PODFILE_DIR_PATH}/Podfile.lock",
				"${PODS_ROOT}/Manifest.lock",
			);
			name = "[CP] Check Pods Manifest.lock";
			outputFileListPaths = (
			);
			outputPaths = (
				"$(DERIVED_FILE_DIR)/Pods-Chucky-ChuckyUITests-checkManifestLockResult.txt",
			);
			runOnlyForDeploymentPostprocessing = 0;
			shellPath = /bin/sh;
			shellScript = "diff \"${PODS_PODFILE_DIR_PATH}/Podfile.lock\" \"${PODS_ROOT}/Manifest.lock\" > /dev/null\nif [ $? != 0 ] ; then\n    # print error to STDERR\n    echo \"error: The sandbox is not in sync with the Podfile.lock. Run 'pod install' or update your CocoaPods installation.\" >&2\n    exit 1\nfi\n# This output is used by Xcode 'outputs' to avoid re-running this script phase.\necho \"SUCCESS\" > \"${SCRIPT_OUTPUT_FILE_0}\"\n";
			showEnvVarsInLog = 0;
		};
		95FE89A9409BBE17A4B4655E /* [CP] Embed Pods Frameworks */ = {
			isa = PBXShellScriptBuildPhase;
			buildActionMask = 2147483647;
			files = (
			);
			inputFileListPaths = (
				"${PODS_ROOT}/Target Support Files/Pods-ChuckyTests/Pods-ChuckyTests-frameworks-${CONFIGURATION}-input-files.xcfilelist",
			);
			name = "[CP] Embed Pods Frameworks";
			outputFileListPaths = (
				"${PODS_ROOT}/Target Support Files/Pods-ChuckyTests/Pods-ChuckyTests-frameworks-${CONFIGURATION}-output-files.xcfilelist",
			);
			runOnlyForDeploymentPostprocessing = 0;
			shellPath = /bin/sh;
			shellScript = "\"${PODS_ROOT}/Target Support Files/Pods-ChuckyTests/Pods-ChuckyTests-frameworks.sh\"\n";
			showEnvVarsInLog = 0;
		};
		BA3858EE890CE4553A70EF4B /* [CP] Check Pods Manifest.lock */ = {
			isa = PBXShellScriptBuildPhase;
			buildActionMask = 2147483647;
			files = (
			);
			inputFileListPaths = (
			);
			inputPaths = (
				"${PODS_PODFILE_DIR_PATH}/Podfile.lock",
				"${PODS_ROOT}/Manifest.lock",
			);
			name = "[CP] Check Pods Manifest.lock";
			outputFileListPaths = (
			);
			outputPaths = (
				"$(DERIVED_FILE_DIR)/Pods-ChuckyTests-checkManifestLockResult.txt",
			);
			runOnlyForDeploymentPostprocessing = 0;
			shellPath = /bin/sh;
			shellScript = "diff \"${PODS_PODFILE_DIR_PATH}/Podfile.lock\" \"${PODS_ROOT}/Manifest.lock\" > /dev/null\nif [ $? != 0 ] ; then\n    # print error to STDERR\n    echo \"error: The sandbox is not in sync with the Podfile.lock. Run 'pod install' or update your CocoaPods installation.\" >&2\n    exit 1\nfi\n# This output is used by Xcode 'outputs' to avoid re-running this script phase.\necho \"SUCCESS\" > \"${SCRIPT_OUTPUT_FILE_0}\"\n";
			showEnvVarsInLog = 0;
		};
/* End PBXShellScriptBuildPhase section */

/* Begin PBXSourcesBuildPhase section */
		F09CABC924984BD10028229C /* Sources */ = {
			isa = PBXSourcesBuildPhase;
			buildActionMask = 2147483647;
			files = (
				F09CAC33249869B40028229C /* UICollectionView+Extension.swift in Sources */,
				F09CAC21249860580028229C /* FactViewController.swift in Sources */,
				F09CAC0B24985A6F0028229C /* Categories.swift in Sources */,
				F09CAC3B249872FB0028229C /* FactCollectionViewCell.swift in Sources */,
				F09CAC1A24985DE50028229C /* ApiProvider.swift in Sources */,
				F09CAC35249869ED0028229C /* Global+Extensions.swift in Sources */,
				F09CAC1624985BD20028229C /* Bundle+Extensions.swift in Sources */,
				F09CAC252498608B0028229C /* BaseViewModel.swift in Sources */,
				F09CAC052498529C0028229C /* Environment.swift in Sources */,
				F09CAC31249869910028229C /* UIViewController+Extension.swift in Sources */,
				F09CAC2B249860FA0028229C /* CustomLoadingView.swift in Sources */,
				F0E7511C2499B4830015A919 /* CategoriesTableViewCell.swift in Sources */,
				F09CAC2D249864F50028229C /* FactViewModel.swift in Sources */,
				F09CAC0F24985AC60028229C /* FactService.swift in Sources */,
				F09CAC23249860740028229C /* BaseViewController.swift in Sources */,
				F09CAC0924985A1B0028229C /* SearchResponse.swift in Sources */,
				F09CAC27249860A70028229C /* HandleError.swift in Sources */,
				F09CAC1824985C250028229C /* JSONDecoder+Extension.swift in Sources */,
				F09CAC07249859940028229C /* Fact.swift in Sources */,
				F09CAC1124985AD20028229C /* FactAPI.swift in Sources */,
				F09CABD124984BD10028229C /* AppDelegate.swift in Sources */,
				F09CAC1424985BB90028229C /* String+Extension.swift in Sources */,
				F0E751192499B45C0015A919 /* TableView+Extension.swift in Sources */,
				F09CAC1E24985EF30028229C /* AppCoordinator.swift in Sources */,
				F09CAC29249860C60028229C /* Reachability.swift in Sources */,
				F09CAC1C24985E4C0028229C /* Single+Extension.swift in Sources */,
			);
			runOnlyForDeploymentPostprocessing = 0;
		};
		F09CABDF24984BD20028229C /* Sources */ = {
			isa = PBXSourcesBuildPhase;
			buildActionMask = 2147483647;
			files = (
				F09CABE824984BD20028229C /* ChuckyTests.swift in Sources */,
			);
			runOnlyForDeploymentPostprocessing = 0;
		};
		F09CABEA24984BD20028229C /* Sources */ = {
			isa = PBXSourcesBuildPhase;
			buildActionMask = 2147483647;
			files = (
				F09CABF324984BD20028229C /* ChuckyUITests.swift in Sources */,
			);
			runOnlyForDeploymentPostprocessing = 0;
		};
/* End PBXSourcesBuildPhase section */

/* Begin PBXTargetDependency section */
		F09CABE524984BD20028229C /* PBXTargetDependency */ = {
			isa = PBXTargetDependency;
			target = F09CABCC24984BD10028229C /* Chucky */;
			targetProxy = F09CABE424984BD20028229C /* PBXContainerItemProxy */;
		};
		F09CABF024984BD20028229C /* PBXTargetDependency */ = {
			isa = PBXTargetDependency;
			target = F09CABCC24984BD10028229C /* Chucky */;
			targetProxy = F09CABEF24984BD20028229C /* PBXContainerItemProxy */;
		};
/* End PBXTargetDependency section */

/* Begin PBXVariantGroup section */
		F09CABD624984BD10028229C /* Main.storyboard */ = {
			isa = PBXVariantGroup;
			children = (
				F09CABD724984BD10028229C /* Base */,
			);
			name = Main.storyboard;
			sourceTree = "<group>";
		};
		F09CABDB24984BD20028229C /* LaunchScreen.storyboard */ = {
			isa = PBXVariantGroup;
			children = (
				F09CABDC24984BD20028229C /* Base */,
			);
			name = LaunchScreen.storyboard;
			sourceTree = "<group>";
		};
/* End PBXVariantGroup section */

/* Begin XCBuildConfiguration section */
		F09CABF524984BD20028229C /* Debug */ = {
			isa = XCBuildConfiguration;
			buildSettings = {
				ALWAYS_SEARCH_USER_PATHS = NO;
				CLANG_ANALYZER_NONNULL = YES;
				CLANG_ANALYZER_NUMBER_OBJECT_CONVERSION = YES_AGGRESSIVE;
				CLANG_CXX_LANGUAGE_STANDARD = "gnu++14";
				CLANG_CXX_LIBRARY = "libc++";
				CLANG_ENABLE_MODULES = YES;
				CLANG_ENABLE_OBJC_ARC = YES;
				CLANG_ENABLE_OBJC_WEAK = YES;
				CLANG_WARN_BLOCK_CAPTURE_AUTORELEASING = YES;
				CLANG_WARN_BOOL_CONVERSION = YES;
				CLANG_WARN_COMMA = YES;
				CLANG_WARN_CONSTANT_CONVERSION = YES;
				CLANG_WARN_DEPRECATED_OBJC_IMPLEMENTATIONS = YES;
				CLANG_WARN_DIRECT_OBJC_ISA_USAGE = YES_ERROR;
				CLANG_WARN_DOCUMENTATION_COMMENTS = YES;
				CLANG_WARN_EMPTY_BODY = YES;
				CLANG_WARN_ENUM_CONVERSION = YES;
				CLANG_WARN_INFINITE_RECURSION = YES;
				CLANG_WARN_INT_CONVERSION = YES;
				CLANG_WARN_NON_LITERAL_NULL_CONVERSION = YES;
				CLANG_WARN_OBJC_IMPLICIT_RETAIN_SELF = YES;
				CLANG_WARN_OBJC_LITERAL_CONVERSION = YES;
				CLANG_WARN_OBJC_ROOT_CLASS = YES_ERROR;
				CLANG_WARN_RANGE_LOOP_ANALYSIS = YES;
				CLANG_WARN_STRICT_PROTOTYPES = YES;
				CLANG_WARN_SUSPICIOUS_MOVE = YES;
				CLANG_WARN_UNGUARDED_AVAILABILITY = YES_AGGRESSIVE;
				CLANG_WARN_UNREACHABLE_CODE = YES;
				CLANG_WARN__DUPLICATE_METHOD_MATCH = YES;
				COPY_PHASE_STRIP = NO;
				DEBUG_INFORMATION_FORMAT = dwarf;
				ENABLE_STRICT_OBJC_MSGSEND = YES;
				ENABLE_TESTABILITY = YES;
				GCC_C_LANGUAGE_STANDARD = gnu11;
				GCC_DYNAMIC_NO_PIC = NO;
				GCC_NO_COMMON_BLOCKS = YES;
				GCC_OPTIMIZATION_LEVEL = 0;
				GCC_PREPROCESSOR_DEFINITIONS = (
					"DEBUG=1",
					"$(inherited)",
				);
				GCC_WARN_64_TO_32_BIT_CONVERSION = YES;
				GCC_WARN_ABOUT_RETURN_TYPE = YES_ERROR;
				GCC_WARN_UNDECLARED_SELECTOR = YES;
				GCC_WARN_UNINITIALIZED_AUTOS = YES_AGGRESSIVE;
				GCC_WARN_UNUSED_FUNCTION = YES;
				GCC_WARN_UNUSED_VARIABLE = YES;
				IPHONEOS_DEPLOYMENT_TARGET = 11;
				MTL_ENABLE_DEBUG_INFO = INCLUDE_SOURCE;
				MTL_FAST_MATH = YES;
				ONLY_ACTIVE_ARCH = YES;
				SDKROOT = iphoneos;
				SWIFT_ACTIVE_COMPILATION_CONDITIONS = DEBUG;
				SWIFT_OPTIMIZATION_LEVEL = "-Onone";
			};
			name = Debug;
		};
		F09CABF624984BD20028229C /* Release */ = {
			isa = XCBuildConfiguration;
			buildSettings = {
				ALWAYS_SEARCH_USER_PATHS = NO;
				CLANG_ANALYZER_NONNULL = YES;
				CLANG_ANALYZER_NUMBER_OBJECT_CONVERSION = YES_AGGRESSIVE;
				CLANG_CXX_LANGUAGE_STANDARD = "gnu++14";
				CLANG_CXX_LIBRARY = "libc++";
				CLANG_ENABLE_MODULES = YES;
				CLANG_ENABLE_OBJC_ARC = YES;
				CLANG_ENABLE_OBJC_WEAK = YES;
				CLANG_WARN_BLOCK_CAPTURE_AUTORELEASING = YES;
				CLANG_WARN_BOOL_CONVERSION = YES;
				CLANG_WARN_COMMA = YES;
				CLANG_WARN_CONSTANT_CONVERSION = YES;
				CLANG_WARN_DEPRECATED_OBJC_IMPLEMENTATIONS = YES;
				CLANG_WARN_DIRECT_OBJC_ISA_USAGE = YES_ERROR;
				CLANG_WARN_DOCUMENTATION_COMMENTS = YES;
				CLANG_WARN_EMPTY_BODY = YES;
				CLANG_WARN_ENUM_CONVERSION = YES;
				CLANG_WARN_INFINITE_RECURSION = YES;
				CLANG_WARN_INT_CONVERSION = YES;
				CLANG_WARN_NON_LITERAL_NULL_CONVERSION = YES;
				CLANG_WARN_OBJC_IMPLICIT_RETAIN_SELF = YES;
				CLANG_WARN_OBJC_LITERAL_CONVERSION = YES;
				CLANG_WARN_OBJC_ROOT_CLASS = YES_ERROR;
				CLANG_WARN_RANGE_LOOP_ANALYSIS = YES;
				CLANG_WARN_STRICT_PROTOTYPES = YES;
				CLANG_WARN_SUSPICIOUS_MOVE = YES;
				CLANG_WARN_UNGUARDED_AVAILABILITY = YES_AGGRESSIVE;
				CLANG_WARN_UNREACHABLE_CODE = YES;
				CLANG_WARN__DUPLICATE_METHOD_MATCH = YES;
				COPY_PHASE_STRIP = NO;
				DEBUG_INFORMATION_FORMAT = "dwarf-with-dsym";
				ENABLE_NS_ASSERTIONS = NO;
				ENABLE_STRICT_OBJC_MSGSEND = YES;
				GCC_C_LANGUAGE_STANDARD = gnu11;
				GCC_NO_COMMON_BLOCKS = YES;
				GCC_WARN_64_TO_32_BIT_CONVERSION = YES;
				GCC_WARN_ABOUT_RETURN_TYPE = YES_ERROR;
				GCC_WARN_UNDECLARED_SELECTOR = YES;
				GCC_WARN_UNINITIALIZED_AUTOS = YES_AGGRESSIVE;
				GCC_WARN_UNUSED_FUNCTION = YES;
				GCC_WARN_UNUSED_VARIABLE = YES;
				IPHONEOS_DEPLOYMENT_TARGET = 11;
				MTL_ENABLE_DEBUG_INFO = NO;
				MTL_FAST_MATH = YES;
				SDKROOT = iphoneos;
				SWIFT_COMPILATION_MODE = wholemodule;
				SWIFT_OPTIMIZATION_LEVEL = "-O";
				VALIDATE_PRODUCT = YES;
			};
			name = Release;
		};
		F09CABF824984BD20028229C /* Debug */ = {
			isa = XCBuildConfiguration;
			baseConfigurationReference = 7C39B72AAE3C2558E6580C5A /* Pods-Chucky.debug.xcconfig */;
			buildSettings = {
				ASSETCATALOG_COMPILER_APPICON_NAME = AppIcon;
				BASE_URL = "https://api.chucknorris.io/jokes";
				CODE_SIGN_STYLE = Automatic;
				DEVELOPMENT_TEAM = 6JNNVVHR28;
				INFOPLIST_FILE = Chucky/Info.plist;
				LD_RUNPATH_SEARCH_PATHS = (
					"$(inherited)",
					"@executable_path/Frameworks",
				);
				PRODUCT_BUNDLE_IDENTIFIER = com.chucky.Chucky;
				PRODUCT_NAME = "$(TARGET_NAME)";
				SWIFT_VERSION = 5.0;
				TARGETED_DEVICE_FAMILY = "1,2";
			};
			name = Debug;
		};
		F09CABF924984BD20028229C /* Release */ = {
			isa = XCBuildConfiguration;
			baseConfigurationReference = A9DC570D040525A9EE849B74 /* Pods-Chucky.release.xcconfig */;
			buildSettings = {
				ASSETCATALOG_COMPILER_APPICON_NAME = AppIcon;
				BASE_URL = "https://api.chucknorris.io/jokes";
				CODE_SIGN_STYLE = Automatic;
				DEVELOPMENT_TEAM = 6JNNVVHR28;
				INFOPLIST_FILE = Chucky/Info.plist;
				LD_RUNPATH_SEARCH_PATHS = (
					"$(inherited)",
					"@executable_path/Frameworks",
				);
				PRODUCT_BUNDLE_IDENTIFIER = com.chucky.Chucky;
				PRODUCT_NAME = "$(TARGET_NAME)";
				SWIFT_VERSION = 5.0;
				TARGETED_DEVICE_FAMILY = "1,2";
			};
			name = Release;
		};
		F09CABFB24984BD20028229C /* Debug */ = {
			isa = XCBuildConfiguration;
			baseConfigurationReference = 00DE0CEB8ED066EE9CCF966E /* Pods-ChuckyTests.debug.xcconfig */;
			buildSettings = {
				ALWAYS_EMBED_SWIFT_STANDARD_LIBRARIES = YES;
				BUNDLE_LOADER = "$(TEST_HOST)";
				CODE_SIGN_STYLE = Automatic;
				DEVELOPMENT_TEAM = 6JNNVVHR28;
				INFOPLIST_FILE = ChuckyTests/Info.plist;
				IPHONEOS_DEPLOYMENT_TARGET = 13.5;
				LD_RUNPATH_SEARCH_PATHS = (
					"$(inherited)",
					"@executable_path/Frameworks",
					"@loader_path/Frameworks",
				);
				PRODUCT_BUNDLE_IDENTIFIER = com.chucky.ChuckyTests;
				PRODUCT_NAME = "$(TARGET_NAME)";
				SWIFT_VERSION = 5.0;
				TARGETED_DEVICE_FAMILY = "1,2";
				TEST_HOST = "$(BUILT_PRODUCTS_DIR)/Chucky.app/Chucky";
			};
			name = Debug;
		};
		F09CABFC24984BD20028229C /* Release */ = {
			isa = XCBuildConfiguration;
			baseConfigurationReference = 4B53F73554A8CEB0CCFF9476 /* Pods-ChuckyTests.release.xcconfig */;
			buildSettings = {
				ALWAYS_EMBED_SWIFT_STANDARD_LIBRARIES = YES;
				BUNDLE_LOADER = "$(TEST_HOST)";
				CODE_SIGN_STYLE = Automatic;
				DEVELOPMENT_TEAM = 6JNNVVHR28;
				INFOPLIST_FILE = ChuckyTests/Info.plist;
				IPHONEOS_DEPLOYMENT_TARGET = 13.5;
				LD_RUNPATH_SEARCH_PATHS = (
					"$(inherited)",
					"@executable_path/Frameworks",
					"@loader_path/Frameworks",
				);
				PRODUCT_BUNDLE_IDENTIFIER = com.chucky.ChuckyTests;
				PRODUCT_NAME = "$(TARGET_NAME)";
				SWIFT_VERSION = 5.0;
				TARGETED_DEVICE_FAMILY = "1,2";
				TEST_HOST = "$(BUILT_PRODUCTS_DIR)/Chucky.app/Chucky";
			};
			name = Release;
		};
		F09CABFE24984BD20028229C /* Debug */ = {
			isa = XCBuildConfiguration;
			baseConfigurationReference = D07CC3CAAB998DC3696C1BFC /* Pods-Chucky-ChuckyUITests.debug.xcconfig */;
			buildSettings = {
				ALWAYS_EMBED_SWIFT_STANDARD_LIBRARIES = YES;
				CODE_SIGN_STYLE = Automatic;
				DEVELOPMENT_TEAM = 6JNNVVHR28;
				INFOPLIST_FILE = ChuckyUITests/Info.plist;
				LD_RUNPATH_SEARCH_PATHS = (
					"$(inherited)",
					"@executable_path/Frameworks",
					"@loader_path/Frameworks",
				);
				PRODUCT_BUNDLE_IDENTIFIER = com.chucky.ChuckyUITests;
				PRODUCT_NAME = "$(TARGET_NAME)";
				SWIFT_VERSION = 5.0;
				TARGETED_DEVICE_FAMILY = "1,2";
				TEST_TARGET_NAME = Chucky;
			};
			name = Debug;
		};
		F09CABFF24984BD20028229C /* Release */ = {
			isa = XCBuildConfiguration;
			baseConfigurationReference = 9B0F85048D0A48F0DE912D52 /* Pods-Chucky-ChuckyUITests.release.xcconfig */;
			buildSettings = {
				ALWAYS_EMBED_SWIFT_STANDARD_LIBRARIES = YES;
				CODE_SIGN_STYLE = Automatic;
				DEVELOPMENT_TEAM = 6JNNVVHR28;
				INFOPLIST_FILE = ChuckyUITests/Info.plist;
				LD_RUNPATH_SEARCH_PATHS = (
					"$(inherited)",
					"@executable_path/Frameworks",
					"@loader_path/Frameworks",
				);
				PRODUCT_BUNDLE_IDENTIFIER = com.chucky.ChuckyUITests;
				PRODUCT_NAME = "$(TARGET_NAME)";
				SWIFT_VERSION = 5.0;
				TARGETED_DEVICE_FAMILY = "1,2";
				TEST_TARGET_NAME = Chucky;
			};
			name = Release;
		};
/* End XCBuildConfiguration section */

/* Begin XCConfigurationList section */
		F09CABC824984BD10028229C /* Build configuration list for PBXProject "Chucky" */ = {
			isa = XCConfigurationList;
			buildConfigurations = (
				F09CABF524984BD20028229C /* Debug */,
				F09CABF624984BD20028229C /* Release */,
			);
			defaultConfigurationIsVisible = 0;
			defaultConfigurationName = Release;
		};
		F09CABF724984BD20028229C /* Build configuration list for PBXNativeTarget "Chucky" */ = {
			isa = XCConfigurationList;
			buildConfigurations = (
				F09CABF824984BD20028229C /* Debug */,
				F09CABF924984BD20028229C /* Release */,
			);
			defaultConfigurationIsVisible = 0;
			defaultConfigurationName = Release;
		};
		F09CABFA24984BD20028229C /* Build configuration list for PBXNativeTarget "ChuckyTests" */ = {
			isa = XCConfigurationList;
			buildConfigurations = (
				F09CABFB24984BD20028229C /* Debug */,
				F09CABFC24984BD20028229C /* Release */,
			);
			defaultConfigurationIsVisible = 0;
			defaultConfigurationName = Release;
		};
		F09CABFD24984BD20028229C /* Build configuration list for PBXNativeTarget "ChuckyUITests" */ = {
			isa = XCConfigurationList;
			buildConfigurations = (
				F09CABFE24984BD20028229C /* Debug */,
				F09CABFF24984BD20028229C /* Release */,
			);
			defaultConfigurationIsVisible = 0;
			defaultConfigurationName = Release;
		};
/* End XCConfigurationList section */
	};
	rootObject = F09CABC524984BD10028229C /* Project object */;
}
